// !$*UTF8*$!
{
	archiveVersion = 1;
	classes = {
	};
	objectVersion = 56;
	objects = {

/* Begin PBXBuildFile section */
		3375448B298DA80600B98641 /* AppDelegate.swift in Sources */ = {isa = PBXBuildFile; fileRef = 3375448A298DA80600B98641 /* AppDelegate.swift */; };
		3375448D298DA80600B98641 /* SceneDelegate.swift in Sources */ = {isa = PBXBuildFile; fileRef = 3375448C298DA80600B98641 /* SceneDelegate.swift */; };
		33754490298DA80600B98641 /* LaunchScreen.storyboard in Resources */ = {isa = PBXBuildFile; fileRef = 3375448E298DA80600B98641 /* LaunchScreen.storyboard */; };
		33754493298DA80600B98641 /* Main.storyboard in Resources */ = {isa = PBXBuildFile; fileRef = 33754491298DA80600B98641 /* Main.storyboard */; };
		3375449C298DA80700B98641 /* AppDelegate.swift in Sources */ = {isa = PBXBuildFile; fileRef = 3375449B298DA80700B98641 /* AppDelegate.swift */; };
		3375449F298DA80700B98641 /* Main.storyboard in Resources */ = {isa = PBXBuildFile; fileRef = 3375449D298DA80700B98641 /* Main.storyboard */; };
		337544A7298DA80700B98641 /* Fleeting Notes Extension.appex in Embed Foundation Extensions */ = {isa = PBXBuildFile; fileRef = 337544A6298DA80700B98641 /* Fleeting Notes Extension.appex */; settings = {ATTRIBUTES = (RemoveHeadersOnCopy, ); }; };
		337544B1298DA80700B98641 /* Fleeting Notes Extension.appex in Embed Foundation Extensions */ = {isa = PBXBuildFile; fileRef = 337544B0298DA80700B98641 /* Fleeting Notes Extension.appex */; settings = {ATTRIBUTES = (RemoveHeadersOnCopy, ); }; };
		337544B7298DA80700B98641 /* Main.html in Resources */ = {isa = PBXBuildFile; fileRef = 3375447A298DA80600B98641 /* Main.html */; };
		337544B8298DA80700B98641 /* Main.html in Resources */ = {isa = PBXBuildFile; fileRef = 3375447A298DA80600B98641 /* Main.html */; };
		337544B9298DA80700B98641 /* Icon.png in Resources */ = {isa = PBXBuildFile; fileRef = 3375447C298DA80600B98641 /* Icon.png */; };
		337544BA298DA80700B98641 /* Icon.png in Resources */ = {isa = PBXBuildFile; fileRef = 3375447C298DA80600B98641 /* Icon.png */; };
		337544BB298DA80700B98641 /* Style.css in Resources */ = {isa = PBXBuildFile; fileRef = 3375447D298DA80600B98641 /* Style.css */; };
		337544BC298DA80700B98641 /* Style.css in Resources */ = {isa = PBXBuildFile; fileRef = 3375447D298DA80600B98641 /* Style.css */; };
		337544BD298DA80700B98641 /* Script.js in Resources */ = {isa = PBXBuildFile; fileRef = 3375447E298DA80600B98641 /* Script.js */; };
		337544BE298DA80700B98641 /* Script.js in Resources */ = {isa = PBXBuildFile; fileRef = 3375447E298DA80600B98641 /* Script.js */; };
		337544BF298DA80700B98641 /* ViewController.swift in Sources */ = {isa = PBXBuildFile; fileRef = 3375447F298DA80600B98641 /* ViewController.swift */; };
		337544C0298DA80700B98641 /* ViewController.swift in Sources */ = {isa = PBXBuildFile; fileRef = 3375447F298DA80600B98641 /* ViewController.swift */; };
		337544C1298DA80700B98641 /* Assets.xcassets in Resources */ = {isa = PBXBuildFile; fileRef = 33754480298DA80600B98641 /* Assets.xcassets */; };
		337544C2298DA80700B98641 /* Assets.xcassets in Resources */ = {isa = PBXBuildFile; fileRef = 33754480298DA80600B98641 /* Assets.xcassets */; };
		337544C3298DA80700B98641 /* SafariWebExtensionHandler.swift in Sources */ = {isa = PBXBuildFile; fileRef = 33754482298DA80600B98641 /* SafariWebExtensionHandler.swift */; };
		337544C4298DA80700B98641 /* SafariWebExtensionHandler.swift in Sources */ = {isa = PBXBuildFile; fileRef = 33754482298DA80600B98641 /* SafariWebExtensionHandler.swift */; };
		337544DA298DA80700B98641 /* background.js in Resources */ = {isa = PBXBuildFile; fileRef = 337544D6298DA80700B98641 /* background.js */; };
		337544DB298DA80700B98641 /* icons in Resources */ = {isa = PBXBuildFile; fileRef = 337544D7298DA80700B98641 /* icons */; };
		337544DC298DA80700B98641 /* manifest.json in Resources */ = {isa = PBXBuildFile; fileRef = 337544D8298DA80700B98641 /* manifest.json */; };
		337544DD298DA80700B98641 /* content.js in Resources */ = {isa = PBXBuildFile; fileRef = 337544D9298DA80700B98641 /* content.js */; };
		337544DE298DA80700B98641 /* background.js in Resources */ = {isa = PBXBuildFile; fileRef = 337544D6298DA80700B98641 /* background.js */; };
		337544DF298DA80700B98641 /* icons in Resources */ = {isa = PBXBuildFile; fileRef = 337544D7298DA80700B98641 /* icons */; };
		337544E0298DA80700B98641 /* manifest.json in Resources */ = {isa = PBXBuildFile; fileRef = 337544D8298DA80700B98641 /* manifest.json */; };
		337544E1298DA80700B98641 /* content.js in Resources */ = {isa = PBXBuildFile; fileRef = 337544D9298DA80700B98641 /* content.js */; };
/* End PBXBuildFile section */

/* Begin PBXContainerItemProxy section */
		337544A8298DA80700B98641 /* PBXContainerItemProxy */ = {
			isa = PBXContainerItemProxy;
			containerPortal = 33754474298DA80600B98641 /* Project object */;
			proxyType = 1;
			remoteGlobalIDString = 337544A5298DA80700B98641;
			remoteInfo = "Fleeting Notes Extension (iOS)";
		};
		337544B2298DA80700B98641 /* PBXContainerItemProxy */ = {
			isa = PBXContainerItemProxy;
			containerPortal = 33754474298DA80600B98641 /* Project object */;
			proxyType = 1;
			remoteGlobalIDString = 337544AF298DA80700B98641;
			remoteInfo = "Fleeting Notes Extension (macOS)";
		};
/* End PBXContainerItemProxy section */

/* Begin PBXCopyFilesBuildPhase section */
		337544CA298DA80700B98641 /* Embed Foundation Extensions */ = {
			isa = PBXCopyFilesBuildPhase;
			buildActionMask = 2147483647;
			dstPath = "";
			dstSubfolderSpec = 13;
			files = (
				337544A7298DA80700B98641 /* Fleeting Notes Extension.appex in Embed Foundation Extensions */,
			);
			name = "Embed Foundation Extensions";
			runOnlyForDeploymentPostprocessing = 0;
		};
		337544D1298DA80700B98641 /* Embed Foundation Extensions */ = {
			isa = PBXCopyFilesBuildPhase;
			buildActionMask = 2147483647;
			dstPath = "";
			dstSubfolderSpec = 13;
			files = (
				337544B1298DA80700B98641 /* Fleeting Notes Extension.appex in Embed Foundation Extensions */,
			);
			name = "Embed Foundation Extensions";
			runOnlyForDeploymentPostprocessing = 0;
		};
/* End PBXCopyFilesBuildPhase section */

/* Begin PBXFileReference section */
		3375447B298DA80600B98641 /* Base */ = {isa = PBXFileReference; lastKnownFileType = text.html; name = Base; path = ../Base.lproj/Main.html; sourceTree = "<group>"; };
		3375447C298DA80600B98641 /* Icon.png */ = {isa = PBXFileReference; lastKnownFileType = image.png; path = Icon.png; sourceTree = "<group>"; };
		3375447D298DA80600B98641 /* Style.css */ = {isa = PBXFileReference; lastKnownFileType = text.css; path = Style.css; sourceTree = "<group>"; };
		3375447E298DA80600B98641 /* Script.js */ = {isa = PBXFileReference; lastKnownFileType = sourcecode.javascript; path = Script.js; sourceTree = "<group>"; };
		3375447F298DA80600B98641 /* ViewController.swift */ = {isa = PBXFileReference; lastKnownFileType = sourcecode.swift; path = ViewController.swift; sourceTree = "<group>"; };
		33754480298DA80600B98641 /* Assets.xcassets */ = {isa = PBXFileReference; lastKnownFileType = folder.assetcatalog; path = Assets.xcassets; sourceTree = "<group>"; };
		33754482298DA80600B98641 /* SafariWebExtensionHandler.swift */ = {isa = PBXFileReference; lastKnownFileType = sourcecode.swift; path = SafariWebExtensionHandler.swift; sourceTree = "<group>"; };
		33754487298DA80600B98641 /* Fleeting Notes.app */ = {isa = PBXFileReference; explicitFileType = wrapper.application; includeInIndex = 0; path = "Fleeting Notes.app"; sourceTree = BUILT_PRODUCTS_DIR; };
		3375448A298DA80600B98641 /* AppDelegate.swift */ = {isa = PBXFileReference; lastKnownFileType = sourcecode.swift; path = AppDelegate.swift; sourceTree = "<group>"; };
		3375448C298DA80600B98641 /* SceneDelegate.swift */ = {isa = PBXFileReference; lastKnownFileType = sourcecode.swift; path = SceneDelegate.swift; sourceTree = "<group>"; };
		3375448F298DA80600B98641 /* Base */ = {isa = PBXFileReference; lastKnownFileType = file.storyboard; name = Base; path = Base.lproj/LaunchScreen.storyboard; sourceTree = "<group>"; };
		33754492298DA80600B98641 /* Base */ = {isa = PBXFileReference; lastKnownFileType = file.storyboard; name = Base; path = Base.lproj/Main.storyboard; sourceTree = "<group>"; };
		33754494298DA80600B98641 /* Info.plist */ = {isa = PBXFileReference; lastKnownFileType = text.plist.xml; path = Info.plist; sourceTree = "<group>"; };
		33754499298DA80600B98641 /* Fleeting Notes.app */ = {isa = PBXFileReference; explicitFileType = wrapper.application; includeInIndex = 0; path = "Fleeting Notes.app"; sourceTree = BUILT_PRODUCTS_DIR; };
		3375449B298DA80700B98641 /* AppDelegate.swift */ = {isa = PBXFileReference; lastKnownFileType = sourcecode.swift; path = AppDelegate.swift; sourceTree = "<group>"; };
		3375449E298DA80700B98641 /* Base */ = {isa = PBXFileReference; lastKnownFileType = file.storyboard; name = Base; path = Base.lproj/Main.storyboard; sourceTree = "<group>"; };
		337544A0298DA80700B98641 /* Info.plist */ = {isa = PBXFileReference; lastKnownFileType = text.plist.xml; path = Info.plist; sourceTree = "<group>"; };
		337544A1298DA80700B98641 /* Fleeting Notes.entitlements */ = {isa = PBXFileReference; lastKnownFileType = text.plist.entitlements; path = "Fleeting Notes.entitlements"; sourceTree = "<group>"; };
		337544A6298DA80700B98641 /* Fleeting Notes Extension.appex */ = {isa = PBXFileReference; explicitFileType = "wrapper.app-extension"; includeInIndex = 0; path = "Fleeting Notes Extension.appex"; sourceTree = BUILT_PRODUCTS_DIR; };
		337544AB298DA80700B98641 /* Info.plist */ = {isa = PBXFileReference; lastKnownFileType = text.plist.xml; path = Info.plist; sourceTree = "<group>"; };
		337544B0298DA80700B98641 /* Fleeting Notes Extension.appex */ = {isa = PBXFileReference; explicitFileType = "wrapper.app-extension"; includeInIndex = 0; path = "Fleeting Notes Extension.appex"; sourceTree = BUILT_PRODUCTS_DIR; };
		337544B5298DA80700B98641 /* Info.plist */ = {isa = PBXFileReference; lastKnownFileType = text.plist.xml; path = Info.plist; sourceTree = "<group>"; };
		337544B6298DA80700B98641 /* Fleeting Notes.entitlements */ = {isa = PBXFileReference; lastKnownFileType = text.plist.entitlements; path = "Fleeting Notes.entitlements"; sourceTree = "<group>"; };
		337544D6298DA80700B98641 /* background.js */ = {isa = PBXFileReference; lastKnownFileType = sourcecode.javascript; name = background.js; path = "../../web-ext-safari/background.js"; sourceTree = "<group>"; };
		337544D7298DA80700B98641 /* icons */ = {isa = PBXFileReference; lastKnownFileType = folder; name = icons; path = "../../web-ext-safari/icons"; sourceTree = "<group>"; };
		337544D8298DA80700B98641 /* manifest.json */ = {isa = PBXFileReference; lastKnownFileType = text.json; name = manifest.json; path = "../../web-ext-safari/manifest.json"; sourceTree = "<group>"; };
		337544D9298DA80700B98641 /* content.js */ = {isa = PBXFileReference; lastKnownFileType = sourcecode.javascript; name = content.js; path = "../../web-ext-safari/content.js"; sourceTree = "<group>"; };
/* End PBXFileReference section */

/* Begin PBXFrameworksBuildPhase section */
		33754484298DA80600B98641 /* Frameworks */ = {
			isa = PBXFrameworksBuildPhase;
			buildActionMask = 2147483647;
			files = (
			);
			runOnlyForDeploymentPostprocessing = 0;
		};
		33754496298DA80600B98641 /* Frameworks */ = {
			isa = PBXFrameworksBuildPhase;
			buildActionMask = 2147483647;
			files = (
			);
			runOnlyForDeploymentPostprocessing = 0;
		};
		337544A3298DA80700B98641 /* Frameworks */ = {
			isa = PBXFrameworksBuildPhase;
			buildActionMask = 2147483647;
			files = (
			);
			runOnlyForDeploymentPostprocessing = 0;
		};
		337544AD298DA80700B98641 /* Frameworks */ = {
			isa = PBXFrameworksBuildPhase;
			buildActionMask = 2147483647;
			files = (
			);
			runOnlyForDeploymentPostprocessing = 0;
		};
/* End PBXFrameworksBuildPhase section */

/* Begin PBXGroup section */
		33754473298DA80600B98641 = {
			isa = PBXGroup;
			children = (
				33754478298DA80600B98641 /* Shared (App) */,
				33754481298DA80600B98641 /* Shared (Extension) */,
				33754489298DA80600B98641 /* iOS (App) */,
				3375449A298DA80600B98641 /* macOS (App) */,
				337544AA298DA80700B98641 /* iOS (Extension) */,
				337544B4298DA80700B98641 /* macOS (Extension) */,
				33754488298DA80600B98641 /* Products */,
			);
			sourceTree = "<group>";
		};
		33754478298DA80600B98641 /* Shared (App) */ = {
			isa = PBXGroup;
			children = (
				3375447F298DA80600B98641 /* ViewController.swift */,
				33754480298DA80600B98641 /* Assets.xcassets */,
				33754479298DA80600B98641 /* Resources */,
			);
			path = "Shared (App)";
			sourceTree = "<group>";
		};
		33754479298DA80600B98641 /* Resources */ = {
			isa = PBXGroup;
			children = (
				3375447A298DA80600B98641 /* Main.html */,
				3375447C298DA80600B98641 /* Icon.png */,
				3375447D298DA80600B98641 /* Style.css */,
				3375447E298DA80600B98641 /* Script.js */,
			);
			path = Resources;
			sourceTree = "<group>";
		};
		33754481298DA80600B98641 /* Shared (Extension) */ = {
			isa = PBXGroup;
			children = (
				337544D5298DA80700B98641 /* Resources */,
				33754482298DA80600B98641 /* SafariWebExtensionHandler.swift */,
			);
			path = "Shared (Extension)";
			sourceTree = "<group>";
		};
		33754488298DA80600B98641 /* Products */ = {
			isa = PBXGroup;
			children = (
				33754487298DA80600B98641 /* Fleeting Notes.app */,
				33754499298DA80600B98641 /* Fleeting Notes.app */,
				337544A6298DA80700B98641 /* Fleeting Notes Extension.appex */,
				337544B0298DA80700B98641 /* Fleeting Notes Extension.appex */,
			);
			name = Products;
			sourceTree = "<group>";
		};
		33754489298DA80600B98641 /* iOS (App) */ = {
			isa = PBXGroup;
			children = (
				3375448A298DA80600B98641 /* AppDelegate.swift */,
				3375448C298DA80600B98641 /* SceneDelegate.swift */,
				3375448E298DA80600B98641 /* LaunchScreen.storyboard */,
				33754491298DA80600B98641 /* Main.storyboard */,
				33754494298DA80600B98641 /* Info.plist */,
			);
			path = "iOS (App)";
			sourceTree = "<group>";
		};
		3375449A298DA80600B98641 /* macOS (App) */ = {
			isa = PBXGroup;
			children = (
				3375449B298DA80700B98641 /* AppDelegate.swift */,
				3375449D298DA80700B98641 /* Main.storyboard */,
				337544A0298DA80700B98641 /* Info.plist */,
				337544A1298DA80700B98641 /* Fleeting Notes.entitlements */,
			);
			path = "macOS (App)";
			sourceTree = "<group>";
		};
		337544AA298DA80700B98641 /* iOS (Extension) */ = {
			isa = PBXGroup;
			children = (
				337544AB298DA80700B98641 /* Info.plist */,
			);
			path = "iOS (Extension)";
			sourceTree = "<group>";
		};
		337544B4298DA80700B98641 /* macOS (Extension) */ = {
			isa = PBXGroup;
			children = (
				337544B5298DA80700B98641 /* Info.plist */,
				337544B6298DA80700B98641 /* Fleeting Notes.entitlements */,
			);
			path = "macOS (Extension)";
			sourceTree = "<group>";
		};
		337544D5298DA80700B98641 /* Resources */ = {
			isa = PBXGroup;
			children = (
				337544D6298DA80700B98641 /* background.js */,
				337544D7298DA80700B98641 /* icons */,
				337544D8298DA80700B98641 /* manifest.json */,
				337544D9298DA80700B98641 /* content.js */,
			);
			name = Resources;
			path = "Shared (Extension)";
			sourceTree = SOURCE_ROOT;
		};
/* End PBXGroup section */

/* Begin PBXNativeTarget section */
		33754486298DA80600B98641 /* Fleeting Notes (iOS) */ = {
			isa = PBXNativeTarget;
			buildConfigurationList = 337544CB298DA80700B98641 /* Build configuration list for PBXNativeTarget "Fleeting Notes (iOS)" */;
			buildPhases = (
				33754483298DA80600B98641 /* Sources */,
				33754484298DA80600B98641 /* Frameworks */,
				33754485298DA80600B98641 /* Resources */,
				337544CA298DA80700B98641 /* Embed Foundation Extensions */,
			);
			buildRules = (
			);
			dependencies = (
				337544A9298DA80700B98641 /* PBXTargetDependency */,
			);
			name = "Fleeting Notes (iOS)";
			productName = "Fleeting Notes (iOS)";
			productReference = 33754487298DA80600B98641 /* Fleeting Notes.app */;
			productType = "com.apple.product-type.application";
		};
		33754498298DA80600B98641 /* Fleeting Notes (macOS) */ = {
			isa = PBXNativeTarget;
			buildConfigurationList = 337544D2298DA80700B98641 /* Build configuration list for PBXNativeTarget "Fleeting Notes (macOS)" */;
			buildPhases = (
				33754495298DA80600B98641 /* Sources */,
				33754496298DA80600B98641 /* Frameworks */,
				33754497298DA80600B98641 /* Resources */,
				337544D1298DA80700B98641 /* Embed Foundation Extensions */,
			);
			buildRules = (
			);
			dependencies = (
				337544B3298DA80700B98641 /* PBXTargetDependency */,
			);
			name = "Fleeting Notes (macOS)";
			productName = "Fleeting Notes (macOS)";
			productReference = 33754499298DA80600B98641 /* Fleeting Notes.app */;
			productType = "com.apple.product-type.application";
		};
		337544A5298DA80700B98641 /* Fleeting Notes Extension (iOS) */ = {
			isa = PBXNativeTarget;
			buildConfigurationList = 337544C7298DA80700B98641 /* Build configuration list for PBXNativeTarget "Fleeting Notes Extension (iOS)" */;
			buildPhases = (
				337544A2298DA80700B98641 /* Sources */,
				337544A3298DA80700B98641 /* Frameworks */,
				337544A4298DA80700B98641 /* Resources */,
			);
			buildRules = (
			);
			dependencies = (
			);
			name = "Fleeting Notes Extension (iOS)";
			productName = "Fleeting Notes Extension (iOS)";
			productReference = 337544A6298DA80700B98641 /* Fleeting Notes Extension.appex */;
			productType = "com.apple.product-type.app-extension";
		};
		337544AF298DA80700B98641 /* Fleeting Notes Extension (macOS) */ = {
			isa = PBXNativeTarget;
			buildConfigurationList = 337544CE298DA80700B98641 /* Build configuration list for PBXNativeTarget "Fleeting Notes Extension (macOS)" */;
			buildPhases = (
				337544AC298DA80700B98641 /* Sources */,
				337544AD298DA80700B98641 /* Frameworks */,
				337544AE298DA80700B98641 /* Resources */,
			);
			buildRules = (
			);
			dependencies = (
			);
			name = "Fleeting Notes Extension (macOS)";
			productName = "Fleeting Notes Extension (macOS)";
			productReference = 337544B0298DA80700B98641 /* Fleeting Notes Extension.appex */;
			productType = "com.apple.product-type.app-extension";
		};
/* End PBXNativeTarget section */

/* Begin PBXProject section */
		33754474298DA80600B98641 /* Project object */ = {
			isa = PBXProject;
			attributes = {
				BuildIndependentTargetsInParallel = 1;
				LastSwiftUpdateCheck = 1400;
				LastUpgradeCheck = 1400;
				TargetAttributes = {
					33754486298DA80600B98641 = {
						CreatedOnToolsVersion = 14.0.1;
					};
					33754498298DA80600B98641 = {
						CreatedOnToolsVersion = 14.0.1;
					};
					337544A5298DA80700B98641 = {
						CreatedOnToolsVersion = 14.0.1;
					};
					337544AF298DA80700B98641 = {
						CreatedOnToolsVersion = 14.0.1;
					};
				};
			};
			buildConfigurationList = 33754477298DA80600B98641 /* Build configuration list for PBXProject "Fleeting Notes" */;
			compatibilityVersion = "Xcode 14.0";
			developmentRegion = en;
			hasScannedForEncodings = 0;
			knownRegions = (
				en,
				Base,
			);
			mainGroup = 33754473298DA80600B98641;
			productRefGroup = 33754488298DA80600B98641 /* Products */;
			projectDirPath = "";
			projectRoot = "";
			targets = (
				33754486298DA80600B98641 /* Fleeting Notes (iOS) */,
				33754498298DA80600B98641 /* Fleeting Notes (macOS) */,
				337544A5298DA80700B98641 /* Fleeting Notes Extension (iOS) */,
				337544AF298DA80700B98641 /* Fleeting Notes Extension (macOS) */,
			);
		};
/* End PBXProject section */

/* Begin PBXResourcesBuildPhase section */
		33754485298DA80600B98641 /* Resources */ = {
			isa = PBXResourcesBuildPhase;
			buildActionMask = 2147483647;
			files = (
				337544B9298DA80700B98641 /* Icon.png in Resources */,
				33754490298DA80600B98641 /* LaunchScreen.storyboard in Resources */,
				337544B7298DA80700B98641 /* Main.html in Resources */,
				337544BD298DA80700B98641 /* Script.js in Resources */,
				337544C1298DA80700B98641 /* Assets.xcassets in Resources */,
				33754493298DA80600B98641 /* Main.storyboard in Resources */,
				337544BB298DA80700B98641 /* Style.css in Resources */,
			);
			runOnlyForDeploymentPostprocessing = 0;
		};
		33754497298DA80600B98641 /* Resources */ = {
			isa = PBXResourcesBuildPhase;
			buildActionMask = 2147483647;
			files = (
				337544BA298DA80700B98641 /* Icon.png in Resources */,
				337544BC298DA80700B98641 /* Style.css in Resources */,
				3375449F298DA80700B98641 /* Main.storyboard in Resources */,
				337544BE298DA80700B98641 /* Script.js in Resources */,
				337544C2298DA80700B98641 /* Assets.xcassets in Resources */,
				337544B8298DA80700B98641 /* Main.html in Resources */,
			);
			runOnlyForDeploymentPostprocessing = 0;
		};
		337544A4298DA80700B98641 /* Resources */ = {
			isa = PBXResourcesBuildPhase;
			buildActionMask = 2147483647;
			files = (
				337544E1298DA80700B98641 /* content.js in Resources */,
				337544DE298DA80700B98641 /* background.js in Resources */,
				337544E0298DA80700B98641 /* manifest.json in Resources */,
				337544DF298DA80700B98641 /* icons in Resources */,
			);
			runOnlyForDeploymentPostprocessing = 0;
		};
		337544AE298DA80700B98641 /* Resources */ = {
			isa = PBXResourcesBuildPhase;
			buildActionMask = 2147483647;
			files = (
				337544DD298DA80700B98641 /* content.js in Resources */,
				337544DA298DA80700B98641 /* background.js in Resources */,
				337544DC298DA80700B98641 /* manifest.json in Resources */,
				337544DB298DA80700B98641 /* icons in Resources */,
			);
			runOnlyForDeploymentPostprocessing = 0;
		};
/* End PBXResourcesBuildPhase section */

/* Begin PBXSourcesBuildPhase section */
		33754483298DA80600B98641 /* Sources */ = {
			isa = PBXSourcesBuildPhase;
			buildActionMask = 2147483647;
			files = (
				337544BF298DA80700B98641 /* ViewController.swift in Sources */,
				3375448B298DA80600B98641 /* AppDelegate.swift in Sources */,
				3375448D298DA80600B98641 /* SceneDelegate.swift in Sources */,
			);
			runOnlyForDeploymentPostprocessing = 0;
		};
		33754495298DA80600B98641 /* Sources */ = {
			isa = PBXSourcesBuildPhase;
			buildActionMask = 2147483647;
			files = (
				337544C0298DA80700B98641 /* ViewController.swift in Sources */,
				3375449C298DA80700B98641 /* AppDelegate.swift in Sources */,
			);
			runOnlyForDeploymentPostprocessing = 0;
		};
		337544A2298DA80700B98641 /* Sources */ = {
			isa = PBXSourcesBuildPhase;
			buildActionMask = 2147483647;
			files = (
				337544C3298DA80700B98641 /* SafariWebExtensionHandler.swift in Sources */,
			);
			runOnlyForDeploymentPostprocessing = 0;
		};
		337544AC298DA80700B98641 /* Sources */ = {
			isa = PBXSourcesBuildPhase;
			buildActionMask = 2147483647;
			files = (
				337544C4298DA80700B98641 /* SafariWebExtensionHandler.swift in Sources */,
			);
			runOnlyForDeploymentPostprocessing = 0;
		};
/* End PBXSourcesBuildPhase section */

/* Begin PBXTargetDependency section */
		337544A9298DA80700B98641 /* PBXTargetDependency */ = {
			isa = PBXTargetDependency;
			target = 337544A5298DA80700B98641 /* Fleeting Notes Extension (iOS) */;
			targetProxy = 337544A8298DA80700B98641 /* PBXContainerItemProxy */;
		};
		337544B3298DA80700B98641 /* PBXTargetDependency */ = {
			isa = PBXTargetDependency;
			target = 337544AF298DA80700B98641 /* Fleeting Notes Extension (macOS) */;
			targetProxy = 337544B2298DA80700B98641 /* PBXContainerItemProxy */;
		};
/* End PBXTargetDependency section */

/* Begin PBXVariantGroup section */
		3375447A298DA80600B98641 /* Main.html */ = {
			isa = PBXVariantGroup;
			children = (
				3375447B298DA80600B98641 /* Base */,
			);
			name = Main.html;
			sourceTree = "<group>";
		};
		3375448E298DA80600B98641 /* LaunchScreen.storyboard */ = {
			isa = PBXVariantGroup;
			children = (
				3375448F298DA80600B98641 /* Base */,
			);
			name = LaunchScreen.storyboard;
			sourceTree = "<group>";
		};
		33754491298DA80600B98641 /* Main.storyboard */ = {
			isa = PBXVariantGroup;
			children = (
				33754492298DA80600B98641 /* Base */,
			);
			name = Main.storyboard;
			sourceTree = "<group>";
		};
		3375449D298DA80700B98641 /* Main.storyboard */ = {
			isa = PBXVariantGroup;
			children = (
				3375449E298DA80700B98641 /* Base */,
			);
			name = Main.storyboard;
			sourceTree = "<group>";
		};
/* End PBXVariantGroup section */

/* Begin XCBuildConfiguration section */
		337544C5298DA80700B98641 /* Debug */ = {
			isa = XCBuildConfiguration;
			buildSettings = {
				ALWAYS_SEARCH_USER_PATHS = NO;
				CLANG_ANALYZER_NONNULL = YES;
				CLANG_ANALYZER_NUMBER_OBJECT_CONVERSION = YES_AGGRESSIVE;
				CLANG_CXX_LANGUAGE_STANDARD = "gnu++20";
				CLANG_ENABLE_MODULES = YES;
				CLANG_ENABLE_OBJC_ARC = YES;
				CLANG_ENABLE_OBJC_WEAK = YES;
				CLANG_WARN_BLOCK_CAPTURE_AUTORELEASING = YES;
				CLANG_WARN_BOOL_CONVERSION = YES;
				CLANG_WARN_COMMA = YES;
				CLANG_WARN_CONSTANT_CONVERSION = YES;
				CLANG_WARN_DEPRECATED_OBJC_IMPLEMENTATIONS = YES;
				CLANG_WARN_DIRECT_OBJC_ISA_USAGE = YES_ERROR;
				CLANG_WARN_DOCUMENTATION_COMMENTS = YES;
				CLANG_WARN_EMPTY_BODY = YES;
				CLANG_WARN_ENUM_CONVERSION = YES;
				CLANG_WARN_INFINITE_RECURSION = YES;
				CLANG_WARN_INT_CONVERSION = YES;
				CLANG_WARN_NON_LITERAL_NULL_CONVERSION = YES;
				CLANG_WARN_OBJC_IMPLICIT_RETAIN_SELF = YES;
				CLANG_WARN_OBJC_LITERAL_CONVERSION = YES;
				CLANG_WARN_OBJC_ROOT_CLASS = YES_ERROR;
				CLANG_WARN_QUOTED_INCLUDE_IN_FRAMEWORK_HEADER = YES;
				CLANG_WARN_RANGE_LOOP_ANALYSIS = YES;
				CLANG_WARN_STRICT_PROTOTYPES = YES;
				CLANG_WARN_SUSPICIOUS_MOVE = YES;
				CLANG_WARN_UNGUARDED_AVAILABILITY = YES_AGGRESSIVE;
				CLANG_WARN_UNREACHABLE_CODE = YES;
				CLANG_WARN__DUPLICATE_METHOD_MATCH = YES;
				COPY_PHASE_STRIP = NO;
				DEBUG_INFORMATION_FORMAT = dwarf;
				ENABLE_STRICT_OBJC_MSGSEND = YES;
				ENABLE_TESTABILITY = YES;
				GCC_C_LANGUAGE_STANDARD = gnu11;
				GCC_DYNAMIC_NO_PIC = NO;
				GCC_NO_COMMON_BLOCKS = YES;
				GCC_OPTIMIZATION_LEVEL = 0;
				GCC_PREPROCESSOR_DEFINITIONS = (
					"DEBUG=1",
					"$(inherited)",
				);
				GCC_WARN_64_TO_32_BIT_CONVERSION = YES;
				GCC_WARN_ABOUT_RETURN_TYPE = YES_ERROR;
				GCC_WARN_UNDECLARED_SELECTOR = YES;
				GCC_WARN_UNINITIALIZED_AUTOS = YES_AGGRESSIVE;
				GCC_WARN_UNUSED_FUNCTION = YES;
				GCC_WARN_UNUSED_VARIABLE = YES;
				MTL_ENABLE_DEBUG_INFO = INCLUDE_SOURCE;
				MTL_FAST_MATH = YES;
				ONLY_ACTIVE_ARCH = YES;
				SWIFT_ACTIVE_COMPILATION_CONDITIONS = DEBUG;
				SWIFT_OPTIMIZATION_LEVEL = "-Onone";
			};
			name = Debug;
		};
		337544C6298DA80700B98641 /* Release */ = {
			isa = XCBuildConfiguration;
			buildSettings = {
				ALWAYS_SEARCH_USER_PATHS = NO;
				CLANG_ANALYZER_NONNULL = YES;
				CLANG_ANALYZER_NUMBER_OBJECT_CONVERSION = YES_AGGRESSIVE;
				CLANG_CXX_LANGUAGE_STANDARD = "gnu++20";
				CLANG_ENABLE_MODULES = YES;
				CLANG_ENABLE_OBJC_ARC = YES;
				CLANG_ENABLE_OBJC_WEAK = YES;
				CLANG_WARN_BLOCK_CAPTURE_AUTORELEASING = YES;
				CLANG_WARN_BOOL_CONVERSION = YES;
				CLANG_WARN_COMMA = YES;
				CLANG_WARN_CONSTANT_CONVERSION = YES;
				CLANG_WARN_DEPRECATED_OBJC_IMPLEMENTATIONS = YES;
				CLANG_WARN_DIRECT_OBJC_ISA_USAGE = YES_ERROR;
				CLANG_WARN_DOCUMENTATION_COMMENTS = YES;
				CLANG_WARN_EMPTY_BODY = YES;
				CLANG_WARN_ENUM_CONVERSION = YES;
				CLANG_WARN_INFINITE_RECURSION = YES;
				CLANG_WARN_INT_CONVERSION = YES;
				CLANG_WARN_NON_LITERAL_NULL_CONVERSION = YES;
				CLANG_WARN_OBJC_IMPLICIT_RETAIN_SELF = YES;
				CLANG_WARN_OBJC_LITERAL_CONVERSION = YES;
				CLANG_WARN_OBJC_ROOT_CLASS = YES_ERROR;
				CLANG_WARN_QUOTED_INCLUDE_IN_FRAMEWORK_HEADER = YES;
				CLANG_WARN_RANGE_LOOP_ANALYSIS = YES;
				CLANG_WARN_STRICT_PROTOTYPES = YES;
				CLANG_WARN_SUSPICIOUS_MOVE = YES;
				CLANG_WARN_UNGUARDED_AVAILABILITY = YES_AGGRESSIVE;
				CLANG_WARN_UNREACHABLE_CODE = YES;
				CLANG_WARN__DUPLICATE_METHOD_MATCH = YES;
				COPY_PHASE_STRIP = NO;
				DEBUG_INFORMATION_FORMAT = "dwarf-with-dsym";
				ENABLE_NS_ASSERTIONS = NO;
				ENABLE_STRICT_OBJC_MSGSEND = YES;
				GCC_C_LANGUAGE_STANDARD = gnu11;
				GCC_NO_COMMON_BLOCKS = YES;
				GCC_WARN_64_TO_32_BIT_CONVERSION = YES;
				GCC_WARN_ABOUT_RETURN_TYPE = YES_ERROR;
				GCC_WARN_UNDECLARED_SELECTOR = YES;
				GCC_WARN_UNINITIALIZED_AUTOS = YES_AGGRESSIVE;
				GCC_WARN_UNUSED_FUNCTION = YES;
				GCC_WARN_UNUSED_VARIABLE = YES;
				MTL_ENABLE_DEBUG_INFO = NO;
				MTL_FAST_MATH = YES;
				SWIFT_COMPILATION_MODE = wholemodule;
				SWIFT_OPTIMIZATION_LEVEL = "-O";
			};
			name = Release;
		};
		337544C8298DA80700B98641 /* Debug */ = {
			isa = XCBuildConfiguration;
			buildSettings = {
				CODE_SIGN_STYLE = Automatic;
				CURRENT_PROJECT_VERSION = 1;
				DEVELOPMENT_TEAM = 4MLDMH9QYL;
				GENERATE_INFOPLIST_FILE = YES;
				INFOPLIST_FILE = "iOS (Extension)/Info.plist";
				INFOPLIST_KEY_CFBundleDisplayName = "Fleeting Notes Extension";
				INFOPLIST_KEY_NSHumanReadableCopyright = "";
				IPHONEOS_DEPLOYMENT_TARGET = 15.0;
				LD_RUNPATH_SEARCH_PATHS = (
					"$(inherited)",
					"@executable_path/Frameworks",
					"@executable_path/../../Frameworks",
				);
				MARKETING_VERSION = 0.7.7;
				OTHER_LDFLAGS = (
					"-framework",
					SafariServices,
				);
				PRODUCT_BUNDLE_IDENTIFIER = com.fleetingnotes.webextension.Extension;
				PRODUCT_NAME = "Fleeting Notes Extension";
				SDKROOT = iphoneos;
				SKIP_INSTALL = YES;
				SWIFT_EMIT_LOC_STRINGS = YES;
				SWIFT_VERSION = 5.0;
				TARGETED_DEVICE_FAMILY = "1,2";
			};
			name = Debug;
		};
		337544C9298DA80700B98641 /* Release */ = {
			isa = XCBuildConfiguration;
			buildSettings = {
				CODE_SIGN_STYLE = Automatic;
				CURRENT_PROJECT_VERSION = 1;
				DEVELOPMENT_TEAM = 4MLDMH9QYL;
				GENERATE_INFOPLIST_FILE = YES;
				INFOPLIST_FILE = "iOS (Extension)/Info.plist";
				INFOPLIST_KEY_CFBundleDisplayName = "Fleeting Notes Extension";
				INFOPLIST_KEY_NSHumanReadableCopyright = "";
				IPHONEOS_DEPLOYMENT_TARGET = 15.0;
				LD_RUNPATH_SEARCH_PATHS = (
					"$(inherited)",
					"@executable_path/Frameworks",
					"@executable_path/../../Frameworks",
				);
				MARKETING_VERSION = 0.7.7;
				OTHER_LDFLAGS = (
					"-framework",
					SafariServices,
				);
				PRODUCT_BUNDLE_IDENTIFIER = com.fleetingnotes.webextension.Extension;
				PRODUCT_NAME = "Fleeting Notes Extension";
				SDKROOT = iphoneos;
				SKIP_INSTALL = YES;
				SWIFT_EMIT_LOC_STRINGS = YES;
				SWIFT_VERSION = 5.0;
				TARGETED_DEVICE_FAMILY = "1,2";
				VALIDATE_PRODUCT = YES;
			};
			name = Release;
		};
		337544CC298DA80700B98641 /* Debug */ = {
			isa = XCBuildConfiguration;
			buildSettings = {
				ALWAYS_EMBED_SWIFT_STANDARD_LIBRARIES = YES;
				ASSETCATALOG_COMPILER_APPICON_NAME = AppIcon;
				ASSETCATALOG_COMPILER_GLOBAL_ACCENT_COLOR_NAME = AccentColor;
				CODE_SIGN_STYLE = Automatic;
				CURRENT_PROJECT_VERSION = 1;
				DEVELOPMENT_TEAM = 4MLDMH9QYL;
				GENERATE_INFOPLIST_FILE = YES;
				INFOPLIST_FILE = "iOS (App)/Info.plist";
				INFOPLIST_KEY_CFBundleDisplayName = "Fleeting Notes";
				INFOPLIST_KEY_LSApplicationCategoryType = "public.app-category.productivity";
				INFOPLIST_KEY_UIApplicationSupportsIndirectInputEvents = YES;
				INFOPLIST_KEY_UILaunchStoryboardName = LaunchScreen;
				INFOPLIST_KEY_UIMainStoryboardFile = Main;
				INFOPLIST_KEY_UISupportedInterfaceOrientations = "UIInterfaceOrientationPortrait UIInterfaceOrientationLandscapeLeft UIInterfaceOrientationLandscapeRight";
				INFOPLIST_KEY_UISupportedInterfaceOrientations_iPad = "UIInterfaceOrientationPortrait UIInterfaceOrientationPortraitUpsideDown UIInterfaceOrientationLandscapeLeft UIInterfaceOrientationLandscapeRight";
				IPHONEOS_DEPLOYMENT_TARGET = 15.0;
				LD_RUNPATH_SEARCH_PATHS = (
					"$(inherited)",
					"@executable_path/Frameworks",
				);
				MARKETING_VERSION = 0.7.7;
				OTHER_LDFLAGS = (
					"-framework",
					SafariServices,
					"-framework",
					WebKit,
				);
				PRODUCT_BUNDLE_IDENTIFIER = com.fleetingnotes.webextension;
				PRODUCT_NAME = "Fleeting Notes";
				SDKROOT = iphoneos;
				SWIFT_EMIT_LOC_STRINGS = YES;
				SWIFT_VERSION = 5.0;
				TARGETED_DEVICE_FAMILY = "1,2";
			};
			name = Debug;
		};
		337544CD298DA80700B98641 /* Release */ = {
			isa = XCBuildConfiguration;
			buildSettings = {
				ALWAYS_EMBED_SWIFT_STANDARD_LIBRARIES = YES;
				ASSETCATALOG_COMPILER_APPICON_NAME = AppIcon;
				ASSETCATALOG_COMPILER_GLOBAL_ACCENT_COLOR_NAME = AccentColor;
				CODE_SIGN_STYLE = Automatic;
				CURRENT_PROJECT_VERSION = 1;
				DEVELOPMENT_TEAM = 4MLDMH9QYL;
				GENERATE_INFOPLIST_FILE = YES;
				INFOPLIST_FILE = "iOS (App)/Info.plist";
				INFOPLIST_KEY_CFBundleDisplayName = "Fleeting Notes";
				INFOPLIST_KEY_LSApplicationCategoryType = "public.app-category.productivity";
				INFOPLIST_KEY_UIApplicationSupportsIndirectInputEvents = YES;
				INFOPLIST_KEY_UILaunchStoryboardName = LaunchScreen;
				INFOPLIST_KEY_UIMainStoryboardFile = Main;
				INFOPLIST_KEY_UISupportedInterfaceOrientations = "UIInterfaceOrientationPortrait UIInterfaceOrientationLandscapeLeft UIInterfaceOrientationLandscapeRight";
				INFOPLIST_KEY_UISupportedInterfaceOrientations_iPad = "UIInterfaceOrientationPortrait UIInterfaceOrientationPortraitUpsideDown UIInterfaceOrientationLandscapeLeft UIInterfaceOrientationLandscapeRight";
				IPHONEOS_DEPLOYMENT_TARGET = 15.0;
				LD_RUNPATH_SEARCH_PATHS = (
					"$(inherited)",
					"@executable_path/Frameworks",
				);
				MARKETING_VERSION = 0.7.7;
				OTHER_LDFLAGS = (
					"-framework",
					SafariServices,
					"-framework",
					WebKit,
				);
				PRODUCT_BUNDLE_IDENTIFIER = com.fleetingnotes.webextension;
				PRODUCT_NAME = "Fleeting Notes";
				SDKROOT = iphoneos;
				SWIFT_EMIT_LOC_STRINGS = YES;
				SWIFT_VERSION = 5.0;
				TARGETED_DEVICE_FAMILY = "1,2";
				VALIDATE_PRODUCT = YES;
			};
			name = Release;
		};
		337544CF298DA80700B98641 /* Debug */ = {
			isa = XCBuildConfiguration;
			buildSettings = {
				CODE_SIGN_ENTITLEMENTS = "macOS (Extension)/Fleeting Notes.entitlements";
				CODE_SIGN_IDENTITY = "Apple Development";
				CODE_SIGN_STYLE = Automatic;
				CURRENT_PROJECT_VERSION = 1;
				DEVELOPMENT_TEAM = 4MLDMH9QYL;
				ENABLE_HARDENED_RUNTIME = YES;
				GENERATE_INFOPLIST_FILE = YES;
				INFOPLIST_FILE = "macOS (Extension)/Info.plist";
				INFOPLIST_KEY_CFBundleDisplayName = "Fleeting Notes Extension";
				INFOPLIST_KEY_NSHumanReadableCopyright = "";
				LD_RUNPATH_SEARCH_PATHS = (
					"$(inherited)",
					"@executable_path/../Frameworks",
					"@executable_path/../../../../Frameworks",
				);
				MACOSX_DEPLOYMENT_TARGET = 10.14;
				MARKETING_VERSION = 0.7.7;
				OTHER_LDFLAGS = (
					"-framework",
					SafariServices,
				);
				PRODUCT_BUNDLE_IDENTIFIER = com.fleetingnotes.webextension.Extension;
				PRODUCT_NAME = "Fleeting Notes Extension";
				PROVISIONING_PROFILE_SPECIFIER = "";
				SDKROOT = macosx;
				SKIP_INSTALL = YES;
				SWIFT_EMIT_LOC_STRINGS = YES;
				SWIFT_VERSION = 5.0;
			};
			name = Debug;
		};
		337544D0298DA80700B98641 /* Release */ = {
			isa = XCBuildConfiguration;
			buildSettings = {
				CODE_SIGN_ENTITLEMENTS = "macOS (Extension)/Fleeting Notes.entitlements";
				CODE_SIGN_IDENTITY = "Apple Development";
				CODE_SIGN_STYLE = Automatic;
				CURRENT_PROJECT_VERSION = 1;
				DEVELOPMENT_TEAM = 4MLDMH9QYL;
				ENABLE_HARDENED_RUNTIME = YES;
				GENERATE_INFOPLIST_FILE = YES;
				INFOPLIST_FILE = "macOS (Extension)/Info.plist";
				INFOPLIST_KEY_CFBundleDisplayName = "Fleeting Notes Extension";
				INFOPLIST_KEY_NSHumanReadableCopyright = "";
				LD_RUNPATH_SEARCH_PATHS = (
					"$(inherited)",
					"@executable_path/../Frameworks",
					"@executable_path/../../../../Frameworks",
				);
				MACOSX_DEPLOYMENT_TARGET = 10.14;
				MARKETING_VERSION = 0.7.7;
				OTHER_LDFLAGS = (
					"-framework",
					SafariServices,
				);
				PRODUCT_BUNDLE_IDENTIFIER = com.fleetingnotes.webextension.Extension;
				PRODUCT_NAME = "Fleeting Notes Extension";
				PROVISIONING_PROFILE_SPECIFIER = "";
				SDKROOT = macosx;
				SKIP_INSTALL = YES;
				SWIFT_EMIT_LOC_STRINGS = YES;
				SWIFT_VERSION = 5.0;
			};
			name = Release;
		};
		337544D3298DA80700B98641 /* Debug */ = {
			isa = XCBuildConfiguration;
			buildSettings = {
				ALWAYS_EMBED_SWIFT_STANDARD_LIBRARIES = YES;
				ASSETCATALOG_COMPILER_APPICON_NAME = AppIcon;
				ASSETCATALOG_COMPILER_GLOBAL_ACCENT_COLOR_NAME = AccentColor;
				CODE_SIGN_ENTITLEMENTS = "macOS (App)/Fleeting Notes.entitlements";
				CODE_SIGN_STYLE = Automatic;
				CURRENT_PROJECT_VERSION = 1;
				DEVELOPMENT_TEAM = 4MLDMH9QYL;
				ENABLE_HARDENED_RUNTIME = YES;
				GENERATE_INFOPLIST_FILE = YES;
				INFOPLIST_FILE = "macOS (App)/Info.plist";
				INFOPLIST_KEY_CFBundleDisplayName = "Fleeting Notes";
				INFOPLIST_KEY_LSApplicationCategoryType = "public.app-category.productivity";
				INFOPLIST_KEY_NSMainStoryboardFile = Main;
				INFOPLIST_KEY_NSPrincipalClass = NSApplication;
				LD_RUNPATH_SEARCH_PATHS = (
					"$(inherited)",
					"@executable_path/../Frameworks",
				);
				MACOSX_DEPLOYMENT_TARGET = 10.14;
				MARKETING_VERSION = 0.7.7;
				OTHER_LDFLAGS = (
					"-framework",
					SafariServices,
					"-framework",
					WebKit,
				);
				PRODUCT_BUNDLE_IDENTIFIER = com.fleetingnotes.webextension;
				PRODUCT_NAME = "Fleeting Notes";
				SDKROOT = macosx;
				SWIFT_EMIT_LOC_STRINGS = YES;
				SWIFT_VERSION = 5.0;
			};
			name = Debug;
		};
		337544D4298DA80700B98641 /* Release */ = {
			isa = XCBuildConfiguration;
			buildSettings = {
				ALWAYS_EMBED_SWIFT_STANDARD_LIBRARIES = YES;
				ASSETCATALOG_COMPILER_APPICON_NAME = AppIcon;
				ASSETCATALOG_COMPILER_GLOBAL_ACCENT_COLOR_NAME = AccentColor;
				CODE_SIGN_ENTITLEMENTS = "macOS (App)/Fleeting Notes.entitlements";
				CODE_SIGN_STYLE = Automatic;
				CURRENT_PROJECT_VERSION = 1;
				DEVELOPMENT_TEAM = 4MLDMH9QYL;
				ENABLE_HARDENED_RUNTIME = YES;
				GENERATE_INFOPLIST_FILE = YES;
				INFOPLIST_FILE = "macOS (App)/Info.plist";
				INFOPLIST_KEY_CFBundleDisplayName = "Fleeting Notes";
				INFOPLIST_KEY_LSApplicationCategoryType = "public.app-category.productivity";
				INFOPLIST_KEY_NSMainStoryboardFile = Main;
				INFOPLIST_KEY_NSPrincipalClass = NSApplication;
				LD_RUNPATH_SEARCH_PATHS = (
					"$(inherited)",
					"@executable_path/../Frameworks",
				);
				MACOSX_DEPLOYMENT_TARGET = 10.14;
				MARKETING_VERSION = 0.7.7;
				OTHER_LDFLAGS = (
					"-framework",
					SafariServices,
					"-framework",
					WebKit,
				);
				PRODUCT_BUNDLE_IDENTIFIER = com.fleetingnotes.webextension;
				PRODUCT_NAME = "Fleeting Notes";
				SDKROOT = macosx;
				SWIFT_EMIT_LOC_STRINGS = YES;
				SWIFT_VERSION = 5.0;
			};
			name = Release;
		};
/* End XCBuildConfiguration section */

/* Begin XCConfigurationList section */
		33754477298DA80600B98641 /* Build configuration list for PBXProject "Fleeting Notes" */ = {
			isa = XCConfigurationList;
			buildConfigurations = (
				337544C5298DA80700B98641 /* Debug */,
				337544C6298DA80700B98641 /* Release */,
			);
			defaultConfigurationIsVisible = 0;
			defaultConfigurationName = Release;
		};
		337544C7298DA80700B98641 /* Build configuration list for PBXNativeTarget "Fleeting Notes Extension (iOS)" */ = {
			isa = XCConfigurationList;
			buildConfigurations = (
				337544C8298DA80700B98641 /* Debug */,
				337544C9298DA80700B98641 /* Release */,
			);
			defaultConfigurationIsVisible = 0;
			defaultConfigurationName = Release;
		};
		337544CB298DA80700B98641 /* Build configuration list for PBXNativeTarget "Fleeting Notes (iOS)" */ = {
			isa = XCConfigurationList;
			buildConfigurations = (
				337544CC298DA80700B98641 /* Debug */,
				337544CD298DA80700B98641 /* Release */,
			);
			defaultConfigurationIsVisible = 0;
			defaultConfigurationName = Release;
		};
		337544CE298DA80700B98641 /* Build configuration list for PBXNativeTarget "Fleeting Notes Extension (macOS)" */ = {
			isa = XCConfigurationList;
			buildConfigurations = (
				337544CF298DA80700B98641 /* Debug */,
				337544D0298DA80700B98641 /* Release */,
			);
			defaultConfigurationIsVisible = 0;
			defaultConfigurationName = Release;
		};
		337544D2298DA80700B98641 /* Build configuration list for PBXNativeTarget "Fleeting Notes (macOS)" */ = {
			isa = XCConfigurationList;
			buildConfigurations = (
				337544D3298DA80700B98641 /* Debug */,
				337544D4298DA80700B98641 /* Release */,
			);
			defaultConfigurationIsVisible = 0;
			defaultConfigurationName = Release;
		};
/* End XCConfigurationList section */
	};
	rootObject = 33754474298DA80600B98641 /* Project object */;
}
